{
  "name": "specspec",
  "version": "1.0.0",
  "lockfileVersion": 2,
  "requires": true,
  "packages": {
    "": {
      "name": "specspec",
      "version": "1.0.0",
      "devDependencies": {
        "@figma/plugin-typings": "1.19.1",
        "prettier": "2.2.1"
      }
    },
    "node_modules/@figma/plugin-typings": {
      "version": "1.19.1",
      "resolved": "https://repo.dev.wixpress.com/artifactory/api/npm/npm-repos/@figma/plugin-typings/-/plugin-typings-1.19.1.tgz",
      "integrity": "sha1-BkWaoYZMg/EwPXuscd3Ffwk6CNQ=",
      "dev": true,
      "license": "ISC"
    },
    "node_modules/prettier": {
      "version": "2.2.1",
      "resolved": "https://repo.dev.wixpress.com/artifactory/api/npm/npm-repos/prettier/-/prettier-2.2.1.tgz",
      "integrity": "sha1-eVoaeN1S8HPaDNQrIfnJE4GSP/U=",
      "dev": true,
      "license": "MIT",
      "bin": {
        "prettier": "bin-prettier.js"
      },
      "engines": {
        "node": ">=10.13.0"
      }
    }
  },
  "dependencies": {
    "@figma/plugin-typings": {
      "version": "1.19.1",
      "resolved": "https://repo.dev.wixpress.com/artifactory/api/npm/npm-repos/@figma/plugin-typings/-/plugin-typings-1.19.1.tgz",
      "integrity": "sha1-BkWaoYZMg/EwPXuscd3Ffwk6CNQ=",
      "dev": true
    },
    "prettier": {
      "version": "2.2.1",
      "resolved": "https://repo.dev.wixpress.com/artifactory/api/npm/npm-repos/prettier/-/prettier-2.2.1.tgz",
      "integrity": "sha1-eVoaeN1S8HPaDNQrIfnJE4GSP/U=",
      "dev": true
    }
  }
}
